
Microsoft Visual Studio Solution File, Format Version 12.00
# Visual Studio Version 17
VisualStudioVersion = 17.11.35327.3
MinimumVisualStudioVersion = 10.0.40219.1
Project("{FAE04EC0-301F-11D3-BF4B-00C04F79EFBC}") = "Hotel_Management_System", "Hotel_Management_System.csproj", "{53478245-7306-468E-A848-CB2168455774}"
EndProject
Global
	GlobalSection(SolutionConfigurationPlatforms) = preSolution
		Debug|Any CPU = Debug|Any CPU
		Release|Any CPU = Release|Any CPU
	EndGlobalSection
	GlobalSection(ProjectConfigurationPlatforms) = postSolution
		{53478245-7306-468E-A848-CB2168455774}.Debug|Any CPU.ActiveCfg = Debug|Any CPU
		{53478245-7306-468E-A848-CB2168455774}.Debug|Any CPU.Build.0 = Debug|Any CPU
		{53478245-7306-468E-A848-CB2168455774}.Release|Any CPU.ActiveCfg = Release|Any CPU
		{53478245-7306-468E-A848-CB2168455774}.Release|Any CPU.Build.0 = Release|Any CPU
	EndGlobalSection
	GlobalSection(SolutionProperties) = preSolution
		HideSolutionNode = FALSE
	EndGlobalSection
	GlobalSection(ExtensibilityGlobals) = postSolution
		SolutionGuid = {E257C511-F437-429A-9CDD-DC295A536633}
	EndGlobalSection
EndGlobal
